
Microsoft Visual Studio Solution File, Format Version 12.00
# Visual Studio Version 16
VisualStudioVersion = 16.0.31019.35
MinimumVisualStudioVersion = 10.0.40219.1
Project("{FAE04EC0-301F-11D3-BF4B-00C04F79EFBC}") = "Zadanie_domowe_nr_2", "Zadanie_domowe_nr_2\Zadanie_domowe_nr_2.csproj", "{11006B39-6683-4EF6-BA56-63CCD3DAB5EF}"
EndProject
Global
	GlobalSection(SolutionConfigurationPlatforms) = preSolution
		Debug|Any CPU = Debug|Any CPU
		Release|Any CPU = Release|Any CPU
	EndGlobalSection
	GlobalSection(ProjectConfigurationPlatforms) = postSolution
		{11006B39-6683-4EF6-BA56-63CCD3DAB5EF}.Debug|Any CPU.ActiveCfg = Debug|Any CPU
		{11006B39-6683-4EF6-BA56-63CCD3DAB5EF}.Debug|Any CPU.Build.0 = Debug|Any CPU
		{11006B39-6683-4EF6-BA56-63CCD3DAB5EF}.Release|Any CPU.ActiveCfg = Release|Any CPU
		{11006B39-6683-4EF6-BA56-63CCD3DAB5EF}.Release|Any CPU.Build.0 = Release|Any CPU
	EndGlobalSection
	GlobalSection(SolutionProperties) = preSolution
		HideSolutionNode = FALSE
	EndGlobalSection
	GlobalSection(ExtensibilityGlobals) = postSolution
		SolutionGuid = {BF581113-174F-4500-9E30-1AFD19D10CA7}
	EndGlobalSection
EndGlobal
